
Microsoft Visual Studio Solution File, Format Version 12.00
# Visual Studio 15
Project("{FAE04EC0-301F-11D3-BF4B-00C04F79EFBC}") = "Assembly-CSharp", "Assembly-CSharp.csproj", "{504C4BB5-31E2-F1A0-585B-F30D044E9C39}"
EndProject
Project("{FAE04EC0-301F-11D3-BF4B-00C04F79EFBC}") = "Assembly-CSharp-Editor", "Assembly-CSharp-Editor.csproj", "{9C72B1DD-E28D-DAAD-2B73-4AD6596F5C02}"
EndProject
Global
	GlobalSection(SolutionConfigurationPlatforms) = preSolution
		Debug|Any CPU = Debug|Any CPU
		Release|Any CPU = Release|Any CPU
	EndGlobalSection
	GlobalSection(ProjectConfigurationPlatforms) = postSolution
		{504C4BB5-31E2-F1A0-585B-F30D044E9C39}.Debug|Any CPU.ActiveCfg = Debug|Any CPU
		{504C4BB5-31E2-F1A0-585B-F30D044E9C39}.Debug|Any CPU.Build.0 = Debug|Any CPU
		{504C4BB5-31E2-F1A0-585B-F30D044E9C39}.Release|Any CPU.ActiveCfg = Release|Any CPU
		{504C4BB5-31E2-F1A0-585B-F30D044E9C39}.Release|Any CPU.Build.0 = Release|Any CPU
		{9C72B1DD-E28D-DAAD-2B73-4AD6596F5C02}.Debug|Any CPU.ActiveCfg = Debug|Any CPU
		{9C72B1DD-E28D-DAAD-2B73-4AD6596F5C02}.Debug|Any CPU.Build.0 = Debug|Any CPU
		{9C72B1DD-E28D-DAAD-2B73-4AD6596F5C02}.Release|Any CPU.ActiveCfg = Release|Any CPU
		{9C72B1DD-E28D-DAAD-2B73-4AD6596F5C02}.Release|Any CPU.Build.0 = Release|Any CPU
	EndGlobalSection
	GlobalSection(SolutionProperties) = preSolution
		HideSolutionNode = FALSE
	EndGlobalSection
EndGlobal
